
Microsoft Visual Studio Solution File, Format Version 12.00
# Visual Studio Version 17
VisualStudioVersion = 17.8.34004.107
MinimumVisualStudioVersion = 10.0.40219.1
Project("{9A19103F-16F7-4668-BE54-9A1E7A4F7556}") = "BulkyWeb", "BulkyWeb\BulkyWeb.csproj", "{7792642D-47B1-4EAE-A2DB-6F4CFE19F6CC}"
EndProject
Project("{FAE04EC0-301F-11D3-BF4B-00C04F79EFBC}") = "Bulky.DataAccess", "Bulky.DataAccess\Bulky.DataAccess.csproj", "{029EE312-FCD8-4ABC-8F37-94CD564809F8}"
EndProject
Project("{FAE04EC0-301F-11D3-BF4B-00C04F79EFBC}") = "Bulky.Models", "Bulky.Models\Bulky.Models.csproj", "{A6158256-3296-4B1C-9077-3DFF173BAF83}"
EndProject
Project("{FAE04EC0-301F-11D3-BF4B-00C04F79EFBC}") = "Bulky.Utility", "Bulky.Utility\Bulky.Utility.csproj", "{4790FD1E-C063-4313-ADD6-D8CC84BDC20F}"
EndProject
Global
	GlobalSection(SolutionConfigurationPlatforms) = preSolution
		Debug|Any CPU = Debug|Any CPU
		Release|Any CPU = Release|Any CPU
	EndGlobalSection
	GlobalSection(ProjectConfigurationPlatforms) = postSolution
		{7792642D-47B1-4EAE-A2DB-6F4CFE19F6CC}.Debug|Any CPU.ActiveCfg = Debug|Any CPU
		{7792642D-47B1-4EAE-A2DB-6F4CFE19F6CC}.Debug|Any CPU.Build.0 = Debug|Any CPU
		{7792642D-47B1-4EAE-A2DB-6F4CFE19F6CC}.Release|Any CPU.ActiveCfg = Release|Any CPU
		{7792642D-47B1-4EAE-A2DB-6F4CFE19F6CC}.Release|Any CPU.Build.0 = Release|Any CPU
		{029EE312-FCD8-4ABC-8F37-94CD564809F8}.Debug|Any CPU.ActiveCfg = Debug|Any CPU
		{029EE312-FCD8-4ABC-8F37-94CD564809F8}.Debug|Any CPU.Build.0 = Debug|Any CPU
		{029EE312-FCD8-4ABC-8F37-94CD564809F8}.Release|Any CPU.ActiveCfg = Release|Any CPU
		{029EE312-FCD8-4ABC-8F37-94CD564809F8}.Release|Any CPU.Build.0 = Release|Any CPU
		{A6158256-3296-4B1C-9077-3DFF173BAF83}.Debug|Any CPU.ActiveCfg = Debug|Any CPU
		{A6158256-3296-4B1C-9077-3DFF173BAF83}.Debug|Any CPU.Build.0 = Debug|Any CPU
		{A6158256-3296-4B1C-9077-3DFF173BAF83}.Release|Any CPU.ActiveCfg = Release|Any CPU
		{A6158256-3296-4B1C-9077-3DFF173BAF83}.Release|Any CPU.Build.0 = Release|Any CPU
		{4790FD1E-C063-4313-ADD6-D8CC84BDC20F}.Debug|Any CPU.ActiveCfg = Debug|Any CPU
		{4790FD1E-C063-4313-ADD6-D8CC84BDC20F}.Debug|Any CPU.Build.0 = Debug|Any CPU
		{4790FD1E-C063-4313-ADD6-D8CC84BDC20F}.Release|Any CPU.ActiveCfg = Release|Any CPU
		{4790FD1E-C063-4313-ADD6-D8CC84BDC20F}.Release|Any CPU.Build.0 = Release|Any CPU
	EndGlobalSection
	GlobalSection(SolutionProperties) = preSolution
		HideSolutionNode = FALSE
	EndGlobalSection
	GlobalSection(ExtensibilityGlobals) = postSolution
		SolutionGuid = {113A22C8-A25B-4A01-AD57-657B5AF27A01}
	EndGlobalSection
EndGlobal
